
Microsoft Visual Studio Solution File, Format Version 12.00
# Visual Studio 15
VisualStudioVersion = 15.0.28010.2041
MinimumVisualStudioVersion = 10.0.40219.1
Project("{8BC9CEB8-8B4A-11D0-8D11-00A0C91BC942}") = "infixtopostfix", "infixtopostfix\infixtopostfix.vcxproj", "{507F1829-223D-4902-9832-856BA8DE57D0}"
EndProject
Global
	GlobalSection(SolutionConfigurationPlatforms) = preSolution
		Debug|x64 = Debug|x64
		Debug|x86 = Debug|x86
		Release|x64 = Release|x64
		Release|x86 = Release|x86
	EndGlobalSection
	GlobalSection(ProjectConfigurationPlatforms) = postSolution
		{507F1829-223D-4902-9832-856BA8DE57D0}.Debug|x64.ActiveCfg = Debug|x64
		{507F1829-223D-4902-9832-856BA8DE57D0}.Debug|x64.Build.0 = Debug|x64
		{507F1829-223D-4902-9832-856BA8DE57D0}.Debug|x86.ActiveCfg = Debug|Win32
		{507F1829-223D-4902-9832-856BA8DE57D0}.Debug|x86.Build.0 = Debug|Win32
		{507F1829-223D-4902-9832-856BA8DE57D0}.Release|x64.ActiveCfg = Release|x64
		{507F1829-223D-4902-9832-856BA8DE57D0}.Release|x64.Build.0 = Release|x64
		{507F1829-223D-4902-9832-856BA8DE57D0}.Release|x86.ActiveCfg = Release|Win32
		{507F1829-223D-4902-9832-856BA8DE57D0}.Release|x86.Build.0 = Release|Win32
	EndGlobalSection
	GlobalSection(SolutionProperties) = preSolution
		HideSolutionNode = FALSE
	EndGlobalSection
	GlobalSection(ExtensibilityGlobals) = postSolution
		SolutionGuid = {2A948814-5762-4149-9306-87C13C0FC260}
	EndGlobalSection
EndGlobal
